
Microsoft Visual Studio Solution File, Format Version 12.00
# Visual Studio Version 17
VisualStudioVersion = 17.0.31903.59
MinimumVisualStudioVersion = 10.0.40219.1
Project("{2150E333-8FDC-42A3-9474-1A3956D46DE8}") = "src", "src", "{827E0CD3-B72D-47B6-A68D-7590B98EB39B}"
EndProject
Project("{FAE04EC0-301F-11D3-BF4B-00C04F79EFBC}") = "DeepSpaceSaga.Contracts", "src\DeepSpaceSaga.Contracts\DeepSpaceSaga.Contracts.csproj", "{AF9B96CF-98E8-4D21-A711-434AE49751E3}"
EndProject
Project("{FAE04EC0-301F-11D3-BF4B-00C04F79EFBC}") = "DeepSpaceSaga.Motion", "src\DeepSpaceSaga.Motion\DeepSpaceSaga.Motion.csproj", "{C8FB2B28-80D3-4338-A0DE-A2431DD02E70}"
EndProject
Project("{FAE04EC0-301F-11D3-BF4B-00C04F79EFBC}") = "DeepSpaceSaga.Engine", "src\DeepSpaceSaga.Engine\DeepSpaceSaga.Engine.csproj", "{DC44F9EC-E5DB-4F53-AE6C-84E5D0A7F7EA}"
EndProject
Project("{FAE04EC0-301F-11D3-BF4B-00C04F79EFBC}") = "DeepSpaceSaga.Engine.LocalClient", "src\DeepSpaceSaga.Engine.LocalClient\DeepSpaceSaga.Engine.LocalClient.csproj", "{A24EA3E3-86BF-4A78-A127-DB050118BCEE}"
EndProject
Project("{FAE04EC0-301F-11D3-BF4B-00C04F79EFBC}") = "DeepSpaceSaga.Client", "src\DeepSpaceSaga.Client\DeepSpaceSaga.Client.csproj", "{BCEC5142-0A1F-442B-A047-2B2AEB9E6313}"
EndProject
Project("{2150E333-8FDC-42A3-9474-1A3956D46DE8}") = "tests", "tests", "{0AB3BF05-4346-4AA6-1389-037BE0695223}"
EndProject
Project("{FAE04EC0-301F-11D3-BF4B-00C04F79EFBC}") = "DeepSpaceSaga.Contracts.Tests", "tests\DeepSpaceSaga.Contracts.Tests\DeepSpaceSaga.Contracts.Tests.csproj", "{7C4C817A-BF29-49F2-A0BB-71DBBB071B50}"
EndProject
Project("{FAE04EC0-301F-11D3-BF4B-00C04F79EFBC}") = "DeepSpaceSaga.Motion.Tests", "tests\DeepSpaceSaga.Motion.Tests\DeepSpaceSaga.Motion.Tests.csproj", "{D1FC801A-E6F2-4888-8F0C-B0BE386C77A9}"
EndProject
Project("{FAE04EC0-301F-11D3-BF4B-00C04F79EFBC}") = "DeepSpaceSaga.Engine.Tests", "tests\DeepSpaceSaga.Engine.Tests\DeepSpaceSaga.Engine.Tests.csproj", "{F5D71F4F-4F97-41E7-B8FE-68D0552AE831}"
EndProject
Global
	GlobalSection(SolutionConfigurationPlatforms) = preSolution
		Debug|Any CPU = Debug|Any CPU
		Debug|x64 = Debug|x64
		Debug|x86 = Debug|x86
		Release|Any CPU = Release|Any CPU
		Release|x64 = Release|x64
		Release|x86 = Release|x86
	EndGlobalSection
	GlobalSection(ProjectConfigurationPlatforms) = postSolution
		{AF9B96CF-98E8-4D21-A711-434AE49751E3}.Debug|Any CPU.ActiveCfg = Debug|Any CPU
		{AF9B96CF-98E8-4D21-A711-434AE49751E3}.Debug|Any CPU.Build.0 = Debug|Any CPU
		{AF9B96CF-98E8-4D21-A711-434AE49751E3}.Debug|x64.ActiveCfg = Debug|Any CPU
		{AF9B96CF-98E8-4D21-A711-434AE49751E3}.Debug|x64.Build.0 = Debug|Any CPU
		{AF9B96CF-98E8-4D21-A711-434AE49751E3}.Debug|x86.ActiveCfg = Debug|Any CPU
		{AF9B96CF-98E8-4D21-A711-434AE49751E3}.Debug|x86.Build.0 = Debug|Any CPU
		{AF9B96CF-98E8-4D21-A711-434AE49751E3}.Release|Any CPU.ActiveCfg = Release|Any CPU
		{AF9B96CF-98E8-4D21-A711-434AE49751E3}.Release|Any CPU.Build.0 = Release|Any CPU
		{AF9B96CF-98E8-4D21-A711-434AE49751E3}.Release|x64.ActiveCfg = Release|Any CPU
		{AF9B96CF-98E8-4D21-A711-434AE49751E3}.Release|x64.Build.0 = Release|Any CPU
		{AF9B96CF-98E8-4D21-A711-434AE49751E3}.Release|x86.ActiveCfg = Release|Any CPU
		{AF9B96CF-98E8-4D21-A711-434AE49751E3}.Release|x86.Build.0 = Release|Any CPU
		{C8FB2B28-80D3-4338-A0DE-A2431DD02E70}.Debug|Any CPU.ActiveCfg = Debug|Any CPU
		{C8FB2B28-80D3-4338-A0DE-A2431DD02E70}.Debug|Any CPU.Build.0 = Debug|Any CPU
		{C8FB2B28-80D3-4338-A0DE-A2431DD02E70}.Debug|x64.ActiveCfg = Debug|Any CPU
		{C8FB2B28-80D3-4338-A0DE-A2431DD02E70}.Debug|x64.Build.0 = Debug|Any CPU
		{C8FB2B28-80D3-4338-A0DE-A2431DD02E70}.Debug|x86.ActiveCfg = Debug|Any CPU
		{C8FB2B28-80D3-4338-A0DE-A2431DD02E70}.Debug|x86.Build.0 = Debug|Any CPU
		{C8FB2B28-80D3-4338-A0DE-A2431DD02E70}.Release|Any CPU.ActiveCfg = Release|Any CPU
		{C8FB2B28-80D3-4338-A0DE-A2431DD02E70}.Release|Any CPU.Build.0 = Release|Any CPU
		{C8FB2B28-80D3-4338-A0DE-A2431DD02E70}.Release|x64.ActiveCfg = Release|Any CPU
		{C8FB2B28-80D3-4338-A0DE-A2431DD02E70}.Release|x64.Build.0 = Release|Any CPU
		{C8FB2B28-80D3-4338-A0DE-A2431DD02E70}.Release|x86.ActiveCfg = Release|Any CPU
		{C8FB2B28-80D3-4338-A0DE-A2431DD02E70}.Release|x86.Build.0 = Release|Any CPU
		{DC44F9EC-E5DB-4F53-AE6C-84E5D0A7F7EA}.Debug|Any CPU.ActiveCfg = Debug|Any CPU
		{DC44F9EC-E5DB-4F53-AE6C-84E5D0A7F7EA}.Debug|Any CPU.Build.0 = Debug|Any CPU
		{DC44F9EC-E5DB-4F53-AE6C-84E5D0A7F7EA}.Debug|x64.ActiveCfg = Debug|Any CPU
		{DC44F9EC-E5DB-4F53-AE6C-84E5D0A7F7EA}.Debug|x64.Build.0 = Debug|Any CPU
		{DC44F9EC-E5DB-4F53-AE6C-84E5D0A7F7EA}.Debug|x86.ActiveCfg = Debug|Any CPU
		{DC44F9EC-E5DB-4F53-AE6C-84E5D0A7F7EA}.Debug|x86.Build.0 = Debug|Any CPU
		{DC44F9EC-E5DB-4F53-AE6C-84E5D0A7F7EA}.Release|Any CPU.ActiveCfg = Release|Any CPU
		{DC44F9EC-E5DB-4F53-AE6C-84E5D0A7F7EA}.Release|Any CPU.Build.0 = Release|Any CPU
		{DC44F9EC-E5DB-4F53-AE6C-84E5D0A7F7EA}.Release|x64.ActiveCfg = Release|Any CPU
		{DC44F9EC-E5DB-4F53-AE6C-84E5D0A7F7EA}.Release|x64.Build.0 = Release|Any CPU
		{DC44F9EC-E5DB-4F53-AE6C-84E5D0A7F7EA}.Release|x86.ActiveCfg = Release|Any CPU
		{DC44F9EC-E5DB-4F53-AE6C-84E5D0A7F7EA}.Release|x86.Build.0 = Release|Any CPU
		{A24EA3E3-86BF-4A78-A127-DB050118BCEE}.Debug|Any CPU.ActiveCfg = Debug|Any CPU
		{A24EA3E3-86BF-4A78-A127-DB050118BCEE}.Debug|Any CPU.Build.0 = Debug|Any CPU
		{A24EA3E3-86BF-4A78-A127-DB050118BCEE}.Debug|x64.ActiveCfg = Debug|Any CPU
		{A24EA3E3-86BF-4A78-A127-DB050118BCEE}.Debug|x64.Build.0 = Debug|Any CPU
		{A24EA3E3-86BF-4A78-A127-DB050118BCEE}.Debug|x86.ActiveCfg = Debug|Any CPU
		{A24EA3E3-86BF-4A78-A127-DB050118BCEE}.Debug|x86.Build.0 = Debug|Any CPU
		{A24EA3E3-86BF-4A78-A127-DB050118BCEE}.Release|Any CPU.ActiveCfg = Release|Any CPU
		{A24EA3E3-86BF-4A78-A127-DB050118BCEE}.Release|Any CPU.Build.0 = Release|Any CPU
		{A24EA3E3-86BF-4A78-A127-DB050118BCEE}.Release|x64.ActiveCfg = Release|Any CPU
		{A24EA3E3-86BF-4A78-A127-DB050118BCEE}.Release|x64.Build.0 = Release|Any CPU
		{A24EA3E3-86BF-4A78-A127-DB050118BCEE}.Release|x86.ActiveCfg = Release|Any CPU
		{A24EA3E3-86BF-4A78-A127-DB050118BCEE}.Release|x86.Build.0 = Release|Any CPU
		{BCEC5142-0A1F-442B-A047-2B2AEB9E6313}.Debug|Any CPU.ActiveCfg = Debug|Any CPU
		{BCEC5142-0A1F-442B-A047-2B2AEB9E6313}.Debug|Any CPU.Build.0 = Debug|Any CPU
		{BCEC5142-0A1F-442B-A047-2B2AEB9E6313}.Debug|x64.ActiveCfg = Debug|Any CPU
		{BCEC5142-0A1F-442B-A047-2B2AEB9E6313}.Debug|x64.Build.0 = Debug|Any CPU
		{BCEC5142-0A1F-442B-A047-2B2AEB9E6313}.Debug|x86.ActiveCfg = Debug|Any CPU
		{BCEC5142-0A1F-442B-A047-2B2AEB9E6313}.Debug|x86.Build.0 = Debug|Any CPU
		{BCEC5142-0A1F-442B-A047-2B2AEB9E6313}.Release|Any CPU.ActiveCfg = Release|Any CPU
		{BCEC5142-0A1F-442B-A047-2B2AEB9E6313}.Release|Any CPU.Build.0 = Release|Any CPU
		{BCEC5142-0A1F-442B-A047-2B2AEB9E6313}.Release|x64.ActiveCfg = Release|Any CPU
		{BCEC5142-0A1F-442B-A047-2B2AEB9E6313}.Release|x64.Build.0 = Release|Any CPU
		{BCEC5142-0A1F-442B-A047-2B2AEB9E6313}.Release|x86.ActiveCfg = Release|Any CPU
		{BCEC5142-0A1F-442B-A047-2B2AEB9E6313}.Release|x86.Build.0 = Release|Any CPU
		{7C4C817A-BF29-49F2-A0BB-71DBBB071B50}.Debug|Any CPU.ActiveCfg = Debug|Any CPU
		{7C4C817A-BF29-49F2-A0BB-71DBBB071B50}.Debug|Any CPU.Build.0 = Debug|Any CPU
		{7C4C817A-BF29-49F2-A0BB-71DBBB071B50}.Debug|x64.ActiveCfg = Debug|Any CPU
		{7C4C817A-BF29-49F2-A0BB-71DBBB071B50}.Debug|x64.Build.0 = Debug|Any CPU
		{7C4C817A-BF29-49F2-A0BB-71DBBB071B50}.Debug|x86.ActiveCfg = Debug|Any CPU
		{7C4C817A-BF29-49F2-A0BB-71DBBB071B50}.Debug|x86.Build.0 = Debug|Any CPU
		{7C4C817A-BF29-49F2-A0BB-71DBBB071B50}.Release|Any CPU.ActiveCfg = Release|Any CPU
		{7C4C817A-BF29-49F2-A0BB-71DBBB071B50}.Release|Any CPU.Build.0 = Release|Any CPU
		{7C4C817A-BF29-49F2-A0BB-71DBBB071B50}.Release|x64.ActiveCfg = Release|Any CPU
		{7C4C817A-BF29-49F2-A0BB-71DBBB071B50}.Release|x64.Build.0 = Release|Any CPU
		{7C4C817A-BF29-49F2-A0BB-71DBBB071B50}.Release|x86.ActiveCfg = Release|Any CPU
		{7C4C817A-BF29-49F2-A0BB-71DBBB071B50}.Release|x86.Build.0 = Release|Any CPU
		{D1FC801A-E6F2-4888-8F0C-B0BE386C77A9}.Debug|Any CPU.ActiveCfg = Debug|Any CPU
		{D1FC801A-E6F2-4888-8F0C-B0BE386C77A9}.Debug|Any CPU.Build.0 = Debug|Any CPU
		{D1FC801A-E6F2-4888-8F0C-B0BE386C77A9}.Debug|x64.ActiveCfg = Debug|Any CPU
		{D1FC801A-E6F2-4888-8F0C-B0BE386C77A9}.Debug|x64.Build.0 = Debug|Any CPU
		{D1FC801A-E6F2-4888-8F0C-B0BE386C77A9}.Debug|x86.ActiveCfg = Debug|Any CPU
		{D1FC801A-E6F2-4888-8F0C-B0BE386C77A9}.Debug|x86.Build.0 = Debug|Any CPU
		{D1FC801A-E6F2-4888-8F0C-B0BE386C77A9}.Release|Any CPU.ActiveCfg = Release|Any CPU
		{D1FC801A-E6F2-4888-8F0C-B0BE386C77A9}.Release|Any CPU.Build.0 = Release|Any CPU
		{D1FC801A-E6F2-4888-8F0C-B0BE386C77A9}.Release|x64.ActiveCfg = Release|Any CPU
		{D1FC801A-E6F2-4888-8F0C-B0BE386C77A9}.Release|x64.Build.0 = Release|Any CPU
		{D1FC801A-E6F2-4888-8F0C-B0BE386C77A9}.Release|x86.ActiveCfg = Release|Any CPU
		{D1FC801A-E6F2-4888-8F0C-B0BE386C77A9}.Release|x86.Build.0 = Release|Any CPU
		{F5D71F4F-4F97-41E7-B8FE-68D0552AE831}.Debug|Any CPU.ActiveCfg = Debug|Any CPU
		{F5D71F4F-4F97-41E7-B8FE-68D0552AE831}.Debug|Any CPU.Build.0 = Debug|Any CPU
		{F5D71F4F-4F97-41E7-B8FE-68D0552AE831}.Debug|x64.ActiveCfg = Debug|Any CPU
		{F5D71F4F-4F97-41E7-B8FE-68D0552AE831}.Debug|x64.Build.0 = Debug|Any CPU
		{F5D71F4F-4F97-41E7-B8FE-68D0552AE831}.Debug|x86.ActiveCfg = Debug|Any CPU
		{F5D71F4F-4F97-41E7-B8FE-68D0552AE831}.Debug|x86.Build.0 = Debug|Any CPU
		{F5D71F4F-4F97-41E7-B8FE-68D0552AE831}.Release|Any CPU.ActiveCfg = Release|Any CPU
		{F5D71F4F-4F97-41E7-B8FE-68D0552AE831}.Release|Any CPU.Build.0 = Release|Any CPU
		{F5D71F4F-4F97-41E7-B8FE-68D0552AE831}.Release|x64.ActiveCfg = Release|Any CPU
		{F5D71F4F-4F97-41E7-B8FE-68D0552AE831}.Release|x64.Build.0 = Release|Any CPU
		{F5D71F4F-4F97-41E7-B8FE-68D0552AE831}.Release|x86.ActiveCfg = Release|Any CPU
		{F5D71F4F-4F97-41E7-B8FE-68D0552AE831}.Release|x86.Build.0 = Release|Any CPU
	EndGlobalSection
	GlobalSection(SolutionProperties) = preSolution
		HideSolutionNode = FALSE
	EndGlobalSection
	GlobalSection(NestedProjects) = preSolution
		{AF9B96CF-98E8-4D21-A711-434AE49751E3} = {827E0CD3-B72D-47B6-A68D-7590B98EB39B}
		{C8FB2B28-80D3-4338-A0DE-A2431DD02E70} = {827E0CD3-B72D-47B6-A68D-7590B98EB39B}
		{DC44F9EC-E5DB-4F53-AE6C-84E5D0A7F7EA} = {827E0CD3-B72D-47B6-A68D-7590B98EB39B}
		{A24EA3E3-86BF-4A78-A127-DB050118BCEE} = {827E0CD3-B72D-47B6-A68D-7590B98EB39B}
		{BCEC5142-0A1F-442B-A047-2B2AEB9E6313} = {827E0CD3-B72D-47B6-A68D-7590B98EB39B}
		{7C4C817A-BF29-49F2-A0BB-71DBBB071B50} = {0AB3BF05-4346-4AA6-1389-037BE0695223}
		{D1FC801A-E6F2-4888-8F0C-B0BE386C77A9} = {0AB3BF05-4346-4AA6-1389-037BE0695223}
		{F5D71F4F-4F97-41E7-B8FE-68D0552AE831} = {0AB3BF05-4346-4AA6-1389-037BE0695223}
	EndGlobalSection
EndGlobal
